
Microsoft Visual Studio Solution File, Format Version 12.00
# Visual Studio Version 17
VisualStudioVersion = 17.6.33723.286
MinimumVisualStudioVersion = 10.0.40219.1
Project("{FAE04EC0-301F-11D3-BF4B-00C04F79EFBC}") = "travel_app", "travel_app\travel_app.csproj", "{EE950E1C-1F25-4F3C-B996-AECED01C84FD}"
EndProject
Global
	GlobalSection(SolutionConfigurationPlatforms) = preSolution
		Debug|Any CPU = Debug|Any CPU
		Release|Any CPU = Release|Any CPU
	EndGlobalSection
	GlobalSection(ProjectConfigurationPlatforms) = postSolution
		{EE950E1C-1F25-4F3C-B996-AECED01C84FD}.Debug|Any CPU.ActiveCfg = Debug|Any CPU
		{EE950E1C-1F25-4F3C-B996-AECED01C84FD}.Debug|Any CPU.Build.0 = Debug|Any CPU
		{EE950E1C-1F25-4F3C-B996-AECED01C84FD}.Release|Any CPU.ActiveCfg = Release|Any CPU
		{EE950E1C-1F25-4F3C-B996-AECED01C84FD}.Release|Any CPU.Build.0 = Release|Any CPU
	EndGlobalSection
	GlobalSection(SolutionProperties) = preSolution
		HideSolutionNode = FALSE
	EndGlobalSection
	GlobalSection(ExtensibilityGlobals) = postSolution
		SolutionGuid = {EA64C00F-F511-4F9C-B78E-A3CAB21A3601}
	EndGlobalSection
EndGlobal
